
Microsoft Visual Studio Solution File, Format Version 12.00
# Visual Studio Version 17
VisualStudioVersion = 17.3.32811.315
MinimumVisualStudioVersion = 10.0.40219.1
Project("{FAE04EC0-301F-11D3-BF4B-00C04F79EFBC}") = "OOP001Person", "OOP001Person.csproj", "{1E4237AB-9CD4-4A05-87FE-B9E32717C7A8}"
EndProject
Global
	GlobalSection(SolutionConfigurationPlatforms) = preSolution
		Debug|Any CPU = Debug|Any CPU
		Release|Any CPU = Release|Any CPU
	EndGlobalSection
	GlobalSection(ProjectConfigurationPlatforms) = postSolution
		{1E4237AB-9CD4-4A05-87FE-B9E32717C7A8}.Debug|Any CPU.ActiveCfg = Debug|Any CPU
		{1E4237AB-9CD4-4A05-87FE-B9E32717C7A8}.Debug|Any CPU.Build.0 = Debug|Any CPU
		{1E4237AB-9CD4-4A05-87FE-B9E32717C7A8}.Release|Any CPU.ActiveCfg = Release|Any CPU
		{1E4237AB-9CD4-4A05-87FE-B9E32717C7A8}.Release|Any CPU.Build.0 = Release|Any CPU
	EndGlobalSection
	GlobalSection(SolutionProperties) = preSolution
		HideSolutionNode = FALSE
	EndGlobalSection
	GlobalSection(ExtensibilityGlobals) = postSolution
		SolutionGuid = {05376D79-9B6C-4129-8C61-0EBF931D2BE1}
	EndGlobalSection
EndGlobal
